{
  "name": "idea",
  "version": "0.1.0",
  "lockfileVersion": 3,
  "requires": true,
  "packages": {
    "": {
      "name": "idea",
      "version": "0.1.0",
      "dependencies": {
        "@testing-library/dom": "^10.4.1",
        "@testing-library/jest-dom": "^6.9.1",
        "@testing-library/react": "^16.3.0",
        "@testing-library/user-event": "^13.5.0",
        "react": "^19.2.1",
        "react-dom": "^19.2.1",
        "react-pageflip": "^2.0.3",
        "react-photo-album": "^3.4.0",
        "react-scripts": "^0.0.0",
        "react-snow-overlay": "^1.0.13",
        "react-snowfall": "^2.4.0",
        "react-tsparticles": "^2.12.2",
        "tsparticles": "^3.9.1",
        "web-vitals": "^2.1.4"
      }
    },
    "node_modules/@adobe/css-tools": {
      "version": "4.4.4",
      "resolved": "https://registry.npmjs.org/@adobe/css-tools/-/css-tools-4.4.4.tgz",
      "integrity": "sha512-Elp+iwUx5rN5+Y8xLt5/GRoG20WGoDCQ/1Fb+1LiGtvwbDavuSk0jhD/eZdckHAuzcDzccnkv+rEjyWfRx18gg==",
      "license": "MIT"
    },
    "node_modules/@babel/code-frame": {
      "version": "7.27.1",
      "resolved": "https://registry.npmjs.org/@babel/code-frame/-/code-frame-7.27.1.tgz",
      "integrity": "sha512-cjQ7ZlQ0Mv3b47hABuTevyTuYN4i+loJKGeV9flcCgIK37cCXRh+L1bd3iBHlynerhQ7BhCkn2BPbQUL+rGqFg==",
      "license": "MIT",
      "dependencies": {
        "@babel/helper-validator-identifier": "^7.27.1",
        "js-tokens": "^4.0.0",
        "picocolors": "^1.1.1"
      },
      "engines": {
        "node": ">=6.9.0"
      }
    },
    "node_modules/@babel/helper-validator-identifier": {
      "version": "7.28.5",
      "resolved": "https://registry.npmjs.org/@babel/helper-validator-identifier/-/helper-validator-identifier-7.28.5.tgz",
      "integrity": "sha512-qSs4ifwzKJSV39ucNjsvc6WVHs6b7S03sOh2OcHF9UHfVPqWWALUsNUVzhSBiItjRZoLHx7nIarVjqKVusUZ1Q==",
      "license": "MIT",
      "engines": {
        "node": ">=6.9.0"
      }
    },
    "node_modules/@babel/runtime": {
      "version": "7.28.4",
      "resolved": "https://registry.npmjs.org/@babel/runtime/-/runtime-7.28.4.tgz",
      "integrity": "sha512-Q/N6JNWvIvPnLDvjlE1OUBLPQHH6l3CltCEsHIujp45zQUSSh8K+gHnaEX45yAT1nyngnINhvWtzN+Nb9D8RAQ==",
      "license": "MIT",
      "engines": {
        "node": ">=6.9.0"
      }
    },
    "node_modules/@testing-library/dom": {
      "version": "10.4.1",
      "resolved": "https://registry.npmjs.org/@testing-library/dom/-/dom-10.4.1.tgz",
      "integrity": "sha512-o4PXJQidqJl82ckFaXUeoAW+XysPLauYI43Abki5hABd853iMhitooc6znOnczgbTYmEP6U6/y1ZyKAIsvMKGg==",
      "license": "MIT",
      "dependencies": {
        "@babel/code-frame": "^7.10.4",
        "@babel/runtime": "^7.12.5",
        "@types/aria-query": "^5.0.1",
        "aria-query": "5.3.0",
        "dom-accessibility-api": "^0.5.9",
        "lz-string": "^1.5.0",
        "picocolors": "1.1.1",
        "pretty-format": "^27.0.2"
      },
      "engines": {
        "node": ">=18"
      }
    },
    "node_modules/@testing-library/dom/node_modules/aria-query": {
      "version": "5.3.0",
      "resolved": "https://registry.npmjs.org/aria-query/-/aria-query-5.3.0.tgz",
      "integrity": "sha512-b0P0sZPKtyu8HkeRAfCq0IfURZK+SuwMjY1UXGBU27wpAiTwQAIlq56IbIO+ytk/JjS1fMR14ee5WBBfKi5J6A==",
      "license": "Apache-2.0",
      "dependencies": {
        "dequal": "^2.0.3"
      }
    },
    "node_modules/@testing-library/jest-dom": {
      "version": "6.9.1",
      "resolved": "https://registry.npmjs.org/@testing-library/jest-dom/-/jest-dom-6.9.1.tgz",
      "integrity": "sha512-zIcONa+hVtVSSep9UT3jZ5rizo2BsxgyDYU7WFD5eICBE7no3881HGeb/QkGfsJs6JTkY1aQhT7rIPC7e+0nnA==",
      "license": "MIT",
      "dependencies": {
        "@adobe/css-tools": "^4.4.0",
        "aria-query": "^5.0.0",
        "css.escape": "^1.5.1",
        "dom-accessibility-api": "^0.6.3",
        "picocolors": "^1.1.1",
        "redent": "^3.0.0"
      },
      "engines": {
        "node": ">=14",
        "npm": ">=6",
        "yarn": ">=1"
      }
    },
    "node_modules/@testing-library/jest-dom/node_modules/dom-accessibility-api": {
      "version": "0.6.3",
      "resolved": "https://registry.npmjs.org/dom-accessibility-api/-/dom-accessibility-api-0.6.3.tgz",
      "integrity": "sha512-7ZgogeTnjuHbo+ct10G9Ffp0mif17idi0IyWNVA/wcwcm7NPOD/WEHVP3n7n3MhXqxoIYm8d6MuZohYWIZ4T3w==",
      "license": "MIT"
    },
    "node_modules/@testing-library/react": {
      "version": "16.3.0",
      "resolved": "https://registry.npmjs.org/@testing-library/react/-/react-16.3.0.tgz",
      "integrity": "sha512-kFSyxiEDwv1WLl2fgsq6pPBbw5aWKrsY2/noi1Id0TK0UParSF62oFQFGHXIyaG4pp2tEub/Zlel+fjjZILDsw==",
      "license": "MIT",
      "dependencies": {
        "@babel/runtime": "^7.12.5"
      },
      "engines": {
        "node": ">=18"
      },
      "peerDependencies": {
        "@testing-library/dom": "^10.0.0",
        "@types/react": "^18.0.0 || ^19.0.0",
        "@types/react-dom": "^18.0.0 || ^19.0.0",
        "react": "^18.0.0 || ^19.0.0",
        "react-dom": "^18.0.0 || ^19.0.0"
      },
      "peerDependenciesMeta": {
        "@types/react": {
          "optional": true
        },
        "@types/react-dom": {
          "optional": true
        }
      }
    },
    "node_modules/@testing-library/user-event": {
      "version": "13.5.0",
      "resolved": "https://registry.npmjs.org/@testing-library/user-event/-/user-event-13.5.0.tgz",
      "integrity": "sha512-5Kwtbo3Y/NowpkbRuSepbyMFkZmHgD+vPzYB/RJ4oxt5Gj/avFFBYjhw27cqSVPVw/3a67NK1PbiIr9k4Gwmdg==",
      "license": "MIT",
      "dependencies": {
        "@babel/runtime": "^7.12.5"
      },
      "engines": {
        "node": ">=10",
        "npm": ">=6"
      },
      "peerDependencies": {
        "@testing-library/dom": ">=7.21.4"
      }
    },
    "node_modules/@tsparticles/basic": {
      "version": "3.9.1",
      "resolved": "https://registry.npmjs.org/@tsparticles/basic/-/basic-3.9.1.tgz",
      "integrity": "sha512-ijr2dHMx0IQHqhKW3qA8tfwrR2XYbbWYdaJMQuBo2CkwBVIhZ76U+H20Y492j/NXpd1FUnt2aC0l4CEVGVGdeQ==",
      "funding": [
        {
          "type": "github",
          "url": "https://github.com/sponsors/matteobruni"
        },
        {
          "type": "github",
          "url": "https://github.com/sponsors/tsparticles"
        },
        {
          "type": "buymeacoffee",
          "url": "https://www.buymeacoffee.com/matteobruni"
        }
      ],
      "license": "MIT",
      "dependencies": {
        "@tsparticles/engine": "3.9.1",
        "@tsparticles/move-base": "3.9.1",
        "@tsparticles/plugin-hex-color": "3.9.1",
        "@tsparticles/plugin-hsl-color": "3.9.1",
        "@tsparticles/plugin-rgb-color": "3.9.1",
        "@tsparticles/shape-circle": "3.9.1",
        "@tsparticles/updater-color": "3.9.1",
        "@tsparticles/updater-opacity": "3.9.1",
        "@tsparticles/updater-out-modes": "3.9.1",
        "@tsparticles/updater-size": "3.9.1"
      }
    },
    "node_modules/@tsparticles/engine": {
      "version": "3.9.1",
      "resolved": "https://registry.npmjs.org/@tsparticles/engine/-/engine-3.9.1.tgz",
      "integrity": "sha512-DpdgAhWMZ3Eh2gyxik8FXS6BKZ8vyea+Eu5BC4epsahqTGY9V3JGGJcXC6lRJx6cPMAx1A0FaQAojPF3v6rkmQ==",
      "funding": [
        {
          "type": "github",
          "url": "https://github.com/sponsors/matteobruni"
        },
        {
          "type": "github",
          "url": "https://github.com/sponsors/tsparticles"
        },
        {
          "type": "buymeacoffee",
          "url": "https://www.buymeacoffee.com/matteobruni"
        }
      ],
      "hasInstallScript": true,
      "license": "MIT"
    },
    "node_modules/@tsparticles/interaction-external-attract": {
      "version": "3.9.1",
      "resolved": "https://registry.npmjs.org/@tsparticles/interaction-external-attract/-/interaction-external-attract-3.9.1.tgz",
      "integrity": "sha512-5AJGmhzM9o4AVFV24WH5vSqMBzOXEOzIdGLIr+QJf4fRh9ZK62snsusv/ozKgs2KteRYQx+L7c5V3TqcDy2upg==",
      "license": "MIT",
      "dependencies": {
        "@tsparticles/engine": "3.9.1"
      }
    },
    "node_modules/@tsparticles/interaction-external-bounce": {
      "version": "3.9.1",
      "resolved": "https://registry.npmjs.org/@tsparticles/interaction-external-bounce/-/interaction-external-bounce-3.9.1.tgz",
      "integrity": "sha512-bv05+h70UIHOTWeTsTI1AeAmX6R3s8nnY74Ea6p6AbQjERzPYIa0XY19nq/hA7+Nrg+EissP5zgoYYeSphr85A==",
      "license": "MIT",
      "dependencies": {
        "@tsparticles/engine": "3.9.1"
      }
    },
    "node_modules/@tsparticles/interaction-external-bubble": {
      "version": "3.9.1",
      "resolved": "https://registry.npmjs.org/@tsparticles/interaction-external-bubble/-/interaction-external-bubble-3.9.1.tgz",
      "integrity": "sha512-tbd8ox/1GPl+zr+KyHQVV1bW88GE7OM6i4zql801YIlCDrl9wgTDdDFGIy9X7/cwTvTrCePhrfvdkUamXIribQ==",
      "license": "MIT",
      "dependencies": {
        "@tsparticles/engine": "3.9.1"
      }
    },
    "node_modules/@tsparticles/interaction-external-connect": {
      "version": "3.9.1",
      "resolved": "https://registry.npmjs.org/@tsparticles/interaction-external-connect/-/interaction-external-connect-3.9.1.tgz",
      "integrity": "sha512-sq8YfUNsIORjXHzzW7/AJQtfi/qDqLnYG2qOSE1WOsog39MD30RzmiOloejOkfNeUdcGUcfsDgpUuL3UhzFUOA==",
      "license": "MIT",
      "dependencies": {
        "@tsparticles/engine": "3.9.1"
      }
    },
    "node_modules/@tsparticles/interaction-external-grab": {
      "version": "3.9.1",
      "resolved": "https://registry.npmjs.org/@tsparticles/interaction-external-grab/-/interaction-external-grab-3.9.1.tgz",
      "integrity": "sha512-QwXza+sMMWDaMiFxd8y2tJwUK6c+nNw554+/9+tEZeTTk2fCbB0IJ7p/TH6ZGWDL0vo2muK54Njv2fEey191ow==",
      "license": "MIT",
      "dependencies": {
        "@tsparticles/engine": "3.9.1"
      }
    },
    "node_modules/@tsparticles/interaction-external-pause": {
      "version": "3.9.1",
      "resolved": "https://registry.npmjs.org/@tsparticles/interaction-external-pause/-/interaction-external-pause-3.9.1.tgz",
      "integrity": "sha512-Gzv4/FeNir0U/tVM9zQCqV1k+IAgaFjDU3T30M1AeAsNGh/rCITV2wnT7TOGFkbcla27m4Yxa+Fuab8+8pzm+g==",
      "license": "MIT",
      "dependencies": {
        "@tsparticles/engine": "3.9.1"
      }
    },
    "node_modules/@tsparticles/interaction-external-push": {
      "version": "3.9.1",
      "resolved": "https://registry.npmjs.org/@tsparticles/interaction-external-push/-/interaction-external-push-3.9.1.tgz",
      "integrity": "sha512-GvnWF9Qy4YkZdx+WJL2iy9IcgLvzOIu3K7aLYJFsQPaxT8d9TF8WlpoMlWKnJID6H5q4JqQuMRKRyWH8aAKyQw==",
      "license": "MIT",
      "dependencies": {
        "@tsparticles/engine": "3.9.1"
      }
    },
    "node_modules/@tsparticles/interaction-external-remove": {
      "version": "3.9.1",
      "resolved": "https://registry.npmjs.org/@tsparticles/interaction-external-remove/-/interaction-external-remove-3.9.1.tgz",
      "integrity": "sha512-yPThm4UDWejDOWW5Qc8KnnS2EfSo5VFcJUQDWc1+Wcj17xe7vdSoiwwOORM0PmNBzdDpSKQrte/gUnoqaUMwOA==",
      "license": "MIT",
      "dependencies": {
        "@tsparticles/engine": "3.9.1"
      }
    },
    "node_modules/@tsparticles/interaction-external-repulse": {
      "version": "3.9.1",
      "resolved": "https://registry.npmjs.org/@tsparticles/interaction-external-repulse/-/interaction-external-repulse-3.9.1.tgz",
      "integrity": "sha512-/LBppXkrMdvLHlEKWC7IykFhzrz+9nebT2fwSSFXK4plEBxDlIwnkDxd3FbVOAbnBvx4+L8+fbrEx+RvC8diAw==",
      "license": "MIT",
      "dependencies": {
        "@tsparticles/engine": "3.9.1"
      }
    },
    "node_modules/@tsparticles/interaction-external-slow": {
      "version": "3.9.1",
      "resolved": "https://registry.npmjs.org/@tsparticles/interaction-external-slow/-/interaction-external-slow-3.9.1.tgz",
      "integrity": "sha512-1ZYIR/udBwA9MdSCfgADsbDXKSFS0FMWuPWz7bm79g3sUxcYkihn+/hDhc6GXvNNR46V1ocJjrj0u6pAynS1KQ==",
      "license": "MIT",
      "dependencies": {
        "@tsparticles/engine": "3.9.1"
      }
    },
    "node_modules/@tsparticles/interaction-external-trail": {
      "version": "3.9.1",
      "resolved": "https://registry.npmjs.org/@tsparticles/interaction-external-trail/-/interaction-external-trail-3.9.1.tgz",
      "integrity": "sha512-Au0v2oiqfKTemI/4bzjD4dUXzIngB5Q2T4nJcMCYpP24uZfwZh5xTjUMH7gyJyyaRTdMl9IJrp8ySjyYbLfeGg==",
      "license": "MIT",
      "dependencies": {
        "@tsparticles/engine": "3.9.1"
      }
    },
    "node_modules/@tsparticles/interaction-particles-attract": {
      "version": "3.9.1",
      "resolved": "https://registry.npmjs.org/@tsparticles/interaction-particles-attract/-/interaction-particles-attract-3.9.1.tgz",
      "integrity": "sha512-CYYYowJuGwRLUixQcSU/48PTKM8fCUYThe0hXwQ+yRMLAn053VHzL7NNZzKqEIeEyt5oJoy9KcvubjKWbzMBLQ==",
      "license": "MIT",
      "dependencies": {
        "@tsparticles/engine": "3.9.1"
      }
    },
    "node_modules/@tsparticles/interaction-particles-collisions": {
      "version": "3.9.1",
      "resolved": "https://registry.npmjs.org/@tsparticles/interaction-particles-collisions/-/interaction-particles-collisions-3.9.1.tgz",
      "integrity": "sha512-ggGyjW/3v1yxvYW1IF1EMT15M6w31y5zfNNUPkqd/IXRNPYvm0Z0ayhp+FKmz70M5p0UxxPIQHTvAv9Jqnuj8w==",
      "license": "MIT",
      "dependencies": {
        "@tsparticles/engine": "3.9.1"
      }
    },
    "node_modules/@tsparticles/interaction-particles-links": {
      "version": "3.9.1",
      "resolved": "https://registry.npmjs.org/@tsparticles/interaction-particles-links/-/interaction-particles-links-3.9.1.tgz",
      "integrity": "sha512-MsLbMjy1vY5M5/hu/oa5OSRZAUz49H3+9EBMTIOThiX+a+vpl3sxc9AqNd9gMsPbM4WJlub8T6VBZdyvzez1Vg==",
      "license": "MIT",
      "dependencies": {
        "@tsparticles/engine": "3.9.1"
      }
    },
    "node_modules/@tsparticles/move-base": {
      "version": "3.9.1",
      "resolved": "https://registry.npmjs.org/@tsparticles/move-base/-/move-base-3.9.1.tgz",
      "integrity": "sha512-X4huBS27d8srpxwOxliWPUt+NtCwY+8q/cx1DvQxyqmTA8VFCGpcHNwtqiN+9JicgzOvSuaORVqUgwlsc7h4pQ==",
      "license": "MIT",
      "dependencies": {
        "@tsparticles/engine": "3.9.1"
      }
    },
    "node_modules/@tsparticles/move-parallax": {
      "version": "3.9.1",
      "resolved": "https://registry.npmjs.org/@tsparticles/move-parallax/-/move-parallax-3.9.1.tgz",
      "integrity": "sha512-whlOR0bVeyh6J/hvxf/QM3DqvNnITMiAQ0kro6saqSDItAVqg4pYxBfEsSOKq7EhjxNvfhhqR+pFMhp06zoCVA==",
      "license": "MIT",
      "dependencies": {
        "@tsparticles/engine": "3.9.1"
      }
    },
    "node_modules/@tsparticles/plugin-absorbers": {
      "version": "3.9.1",
      "resolved": "https://registry.npmjs.org/@tsparticles/plugin-absorbers/-/plugin-absorbers-3.9.1.tgz",
      "integrity": "sha512-q9SQllpbPPgw1+euxHPYCFawOVUazQkkwnleiIgpYSiimlCyjIdwGnFPSNe1Sypzqmr2h6oOyX2vkK5ZVNEu8A==",
      "license": "MIT",
      "dependencies": {
        "@tsparticles/engine": "3.9.1"
      }
    },
    "node_modules/@tsparticles/plugin-easing-quad": {
      "version": "3.9.1",
      "resolved": "https://registry.npmjs.org/@tsparticles/plugin-easing-quad/-/plugin-easing-quad-3.9.1.tgz",
      "integrity": "sha512-C2UJOca5MTDXKUTBXj30Kiqr5UyID+xrY/LxicVWWZPczQW2bBxbIbfq9ULvzGDwBTxE2rdvIB8YFKmDYO45qw==",
      "funding": [
        {
          "type": "github",
          "url": "https://github.com/sponsors/matteobruni"
        },
        {
          "type": "github",
          "url": "https://github.com/sponsors/tsparticles"
        },
        {
          "type": "buymeacoffee",
          "url": "https://www.buymeacoffee.com/matteobruni"
        }
      ],
      "license": "MIT",
      "dependencies": {
        "@tsparticles/engine": "3.9.1"
      }
    },
    "node_modules/@tsparticles/plugin-emitters": {
      "version": "3.9.1",
      "resolved": "https://registry.npmjs.org/@tsparticles/plugin-emitters/-/plugin-emitters-3.9.1.tgz",
      "integrity": "sha512-h7opR8SoFWBmVHceDLJUerLENaPfkJSh2zQYvzmLj2L+V3VLS1QDgty+4QZVeZfqNROmgQw2eLFA5El1E0sqqw==",
      "license": "MIT",
      "dependencies": {
        "@tsparticles/engine": "3.9.1"
      }
    },
    "node_modules/@tsparticles/plugin-emitters-shape-circle": {
      "version": "3.9.1",
      "resolved": "https://registry.npmjs.org/@tsparticles/plugin-emitters-shape-circle/-/plugin-emitters-shape-circle-3.9.1.tgz",
      "integrity": "sha512-z+9MsAPWr++sNz6N6303rRDjusW0BIPhHY51E5eXGDcRdOqrESDs6y99AJ/6Kdb/PpibCIYjFY9jVi2JJADPRA==",
      "funding": [
        {
          "type": "github",
          "url": "https://github.com/sponsors/matteobruni"
        },
        {
          "type": "github",
          "url": "https://github.com/sponsors/tsparticles"
        },
        {
          "type": "buymeacoffee",
          "url": "https://www.buymeacoffee.com/matteobruni"
        }
      ],
      "license": "MIT",
      "dependencies": {
        "@tsparticles/engine": "3.9.1",
        "@tsparticles/plugin-emitters": "3.9.1"
      }
    },
    "node_modules/@tsparticles/plugin-emitters-shape-square": {
      "version": "3.9.1",
      "resolved": "https://registry.npmjs.org/@tsparticles/plugin-emitters-shape-square/-/plugin-emitters-shape-square-3.9.1.tgz",
      "integrity": "sha512-dhA1c7FKs19B8lgTf25OTA3JoptNA+rjorsqCFuY1BZDI8g9E8DNqikUge14/W7nZN96+98hY+ghxSl4K2YsgA==",
      "funding": [
        {
          "type": "github",
          "url": "https://github.com/sponsors/matteobruni"
        },
        {
          "type": "github",
          "url": "https://github.com/sponsors/tsparticles"
        },
        {
          "type": "buymeacoffee",
          "url": "https://www.buymeacoffee.com/matteobruni"
        }
      ],
      "license": "MIT",
      "dependencies": {
        "@tsparticles/engine": "3.9.1",
        "@tsparticles/plugin-emitters": "3.9.1"
      }
    },
    "node_modules/@tsparticles/plugin-hex-color": {
      "version": "3.9.1",
      "resolved": "https://registry.npmjs.org/@tsparticles/plugin-hex-color/-/plugin-hex-color-3.9.1.tgz",
      "integrity": "sha512-vZgZ12AjUicJvk7AX4K2eAmKEQX/D1VEjEPFhyjbgI7A65eX72M465vVKIgNA6QArLZ1DLs7Z787LOE6GOBWsg==",
      "funding": [
        {
          "type": "github",
          "url": "https://github.com/sponsors/matteobruni"
        },
        {
          "type": "github",
          "url": "https://github.com/sponsors/tsparticles"
        },
        {
          "type": "buymeacoffee",
          "url": "https://www.buymeacoffee.com/matteobruni"
        }
      ],
      "license": "MIT",
      "dependencies": {
        "@tsparticles/engine": "3.9.1"
      }
    },
    "node_modules/@tsparticles/plugin-hsl-color": {
      "version": "3.9.1",
      "resolved": "https://registry.npmjs.org/@tsparticles/plugin-hsl-color/-/plugin-hsl-color-3.9.1.tgz",
      "integrity": "sha512-jJd1iGgRwX6eeNjc1zUXiJivaqC5UE+SC2A3/NtHwwoQrkfxGWmRHOsVyLnOBRcCPgBp/FpdDe6DIDjCMO715w==",
      "funding": [
        {
          "type": "github",
          "url": "https://github.com/sponsors/matteobruni"
        },
        {
          "type": "github",
          "url": "https://github.com/sponsors/tsparticles"
        },
        {
          "type": "buymeacoffee",
          "url": "https://www.buymeacoffee.com/matteobruni"
        }
      ],
      "license": "MIT",
      "dependencies": {
        "@tsparticles/engine": "3.9.1"
      }
    },
    "node_modules/@tsparticles/plugin-rgb-color": {
      "version": "3.9.1",
      "resolved": "https://registry.npmjs.org/@tsparticles/plugin-rgb-color/-/plugin-rgb-color-3.9.1.tgz",
      "integrity": "sha512-SBxk7f1KBfXeTnnklbE2Hx4jBgh6I6HOtxb+Os1gTp0oaghZOkWcCD2dP4QbUu7fVNCMOcApPoMNC8RTFcy9wQ==",
      "funding": [
        {
          "type": "github",
          "url": "https://github.com/sponsors/matteobruni"
        },
        {
          "type": "github",
          "url": "https://github.com/sponsors/tsparticles"
        },
        {
          "type": "buymeacoffee",
          "url": "https://www.buymeacoffee.com/matteobruni"
        }
      ],
      "license": "MIT",
      "dependencies": {
        "@tsparticles/engine": "3.9.1"
      }
    },
    "node_modules/@tsparticles/shape-circle": {
      "version": "3.9.1",
      "resolved": "https://registry.npmjs.org/@tsparticles/shape-circle/-/shape-circle-3.9.1.tgz",
      "integrity": "sha512-DqZFLjbuhVn99WJ+A9ajz9YON72RtCcvubzq6qfjFmtwAK7frvQeb6iDTp6Ze9FUipluxVZWVRG4vWTxi2B+/g==",
      "license": "MIT",
      "dependencies": {
        "@tsparticles/engine": "3.9.1"
      }
    },
    "node_modules/@tsparticles/shape-emoji": {
      "version": "3.9.1",
      "resolved": "https://registry.npmjs.org/@tsparticles/shape-emoji/-/shape-emoji-3.9.1.tgz",
      "integrity": "sha512-ifvY63usuT+hipgVHb8gelBHSeF6ryPnMxAAEC1RGHhhXfpSRWMtE6ybr+pSsYU52M3G9+TF84v91pSwNrb9ZQ==",
      "license": "MIT",
      "dependencies": {
        "@tsparticles/engine": "3.9.1"
      }
    },
    "node_modules/@tsparticles/shape-image": {
      "version": "3.9.1",
      "resolved": "https://registry.npmjs.org/@tsparticles/shape-image/-/shape-image-3.9.1.tgz",
      "integrity": "sha512-fCA5eme8VF3oX8yNVUA0l2SLDKuiZObkijb0z3Ky0qj1HUEVlAuEMhhNDNB9E2iELTrWEix9z7BFMePp2CC7AA==",
      "license": "MIT",
      "dependencies": {
        "@tsparticles/engine": "3.9.1"
      }
    },
    "node_modules/@tsparticles/shape-line": {
      "version": "3.9.1",
      "resolved": "https://registry.npmjs.org/@tsparticles/shape-line/-/shape-line-3.9.1.tgz",
      "integrity": "sha512-wT8NSp0N9HURyV05f371cHKcNTNqr0/cwUu6WhBzbshkYGy1KZUP9CpRIh5FCrBpTev34mEQfOXDycgfG0KiLQ==",
      "license": "MIT",
      "dependencies": {
        "@tsparticles/engine": "3.9.1"
      }
    },
    "node_modules/@tsparticles/shape-polygon": {
      "version": "3.9.1",
      "resolved": "https://registry.npmjs.org/@tsparticles/shape-polygon/-/shape-polygon-3.9.1.tgz",
      "integrity": "sha512-dA77PgZdoLwxnliH6XQM/zF0r4jhT01pw5y7XTeTqws++hg4rTLV9255k6R6eUqKq0FPSW1/WBsBIl7q/MmrqQ==",
      "license": "MIT",
      "dependencies": {
        "@tsparticles/engine": "3.9.1"
      }
    },
    "node_modules/@tsparticles/shape-square": {
      "version": "3.9.1",
      "resolved": "https://registry.npmjs.org/@tsparticles/shape-square/-/shape-square-3.9.1.tgz",
      "integrity": "sha512-DKGkDnRyZrAm7T2ipqNezJahSWs6xd9O5LQLe5vjrYm1qGwrFxJiQaAdlb00UNrexz1/SA7bEoIg4XKaFa7qhQ==",
      "license": "MIT",
      "dependencies": {
        "@tsparticles/engine": "3.9.1"
      }
    },
    "node_modules/@tsparticles/shape-star": {
      "version": "3.9.1",
      "resolved": "https://registry.npmjs.org/@tsparticles/shape-star/-/shape-star-3.9.1.tgz",
      "integrity": "sha512-kdMJpi8cdeb6vGrZVSxTG0JIjCwIenggqk0EYeKAwtOGZFBgL7eHhF2F6uu1oq8cJAbXPujEoabnLsz6mW8XaA==",
      "license": "MIT",
      "dependencies": {
        "@tsparticles/engine": "3.9.1"
      }
    },
    "node_modules/@tsparticles/shape-text": {
      "version": "3.9.1",
      "resolved": "https://registry.npmjs.org/@tsparticles/shape-text/-/shape-text-3.9.1.tgz",
      "integrity": "sha512-oNsLHI0lGkIXoUw3W598iwd7dtoHCDrwpwJRGnQzgfk6T5a9dCpSD5vDeQN89lr3BUbVui4lhxq+/TyC64oAqA==",
      "license": "MIT",
      "dependencies": {
        "@tsparticles/engine": "3.9.1"
      }
    },
    "node_modules/@tsparticles/slim": {
      "version": "3.9.1",
      "resolved": "https://registry.npmjs.org/@tsparticles/slim/-/slim-3.9.1.tgz",
      "integrity": "sha512-CL5cDmADU7sDjRli0So+hY61VMbdroqbArmR9Av+c1Fisa5ytr6QD7Jv62iwU2S6rvgicEe9OyRmSy5GIefwZw==",
      "funding": [
        {
          "type": "github",
          "url": "https://github.com/sponsors/matteobruni"
        },
        {
          "type": "github",
          "url": "https://github.com/sponsors/tsparticles"
        },
        {
          "type": "buymeacoffee",
          "url": "https://www.buymeacoffee.com/matteobruni"
        }
      ],
      "license": "MIT",
      "dependencies": {
        "@tsparticles/basic": "3.9.1",
        "@tsparticles/engine": "3.9.1",
        "@tsparticles/interaction-external-attract": "3.9.1",
        "@tsparticles/interaction-external-bounce": "3.9.1",
        "@tsparticles/interaction-external-bubble": "3.9.1",
        "@tsparticles/interaction-external-connect": "3.9.1",
        "@tsparticles/interaction-external-grab": "3.9.1",
        "@tsparticles/interaction-external-pause": "3.9.1",
        "@tsparticles/interaction-external-push": "3.9.1",
        "@tsparticles/interaction-external-remove": "3.9.1",
        "@tsparticles/interaction-external-repulse": "3.9.1",
        "@tsparticles/interaction-external-slow": "3.9.1",
        "@tsparticles/interaction-particles-attract": "3.9.1",
        "@tsparticles/interaction-particles-collisions": "3.9.1",
        "@tsparticles/interaction-particles-links": "3.9.1",
        "@tsparticles/move-parallax": "3.9.1",
        "@tsparticles/plugin-easing-quad": "3.9.1",
        "@tsparticles/shape-emoji": "3.9.1",
        "@tsparticles/shape-image": "3.9.1",
        "@tsparticles/shape-line": "3.9.1",
        "@tsparticles/shape-polygon": "3.9.1",
        "@tsparticles/shape-square": "3.9.1",
        "@tsparticles/shape-star": "3.9.1",
        "@tsparticles/updater-life": "3.9.1",
        "@tsparticles/updater-rotate": "3.9.1",
        "@tsparticles/updater-stroke-color": "3.9.1"
      }
    },
    "node_modules/@tsparticles/updater-color": {
      "version": "3.9.1",
      "resolved": "https://registry.npmjs.org/@tsparticles/updater-color/-/updater-color-3.9.1.tgz",
      "integrity": "sha512-XGWdscrgEMA8L5E7exsE0f8/2zHKIqnTrZymcyuFBw2DCB6BIV+5z6qaNStpxrhq3DbIxxhqqcybqeOo7+Alpg==",
      "license": "MIT",
      "dependencies": {
        "@tsparticles/engine": "3.9.1"
      }
    },
    "node_modules/@tsparticles/updater-destroy": {
      "version": "3.9.1",
      "resolved": "https://registry.npmjs.org/@tsparticles/updater-destroy/-/updater-destroy-3.9.1.tgz",
      "integrity": "sha512-MjMzEhZwCQIbxO6ZRM0eXsHVwmlXuUqwC43WCPZCpjhK3AJrMu3KR4xsJieFTWIbVNguAvbgoTB10FfJOUU5VA==",
      "license": "MIT",
      "dependencies": {
        "@tsparticles/engine": "3.9.1"
      }
    },
    "node_modules/@tsparticles/updater-life": {
      "version": "3.9.1",
      "resolved": "https://registry.npmjs.org/@tsparticles/updater-life/-/updater-life-3.9.1.tgz",
      "integrity": "sha512-Oi8aF2RIwMMsjssUkCB6t3PRpENHjdZf6cX92WNfAuqXtQphr3OMAkYFJFWkvyPFK22AVy3p/cFt6KE5zXxwAA==",
      "license": "MIT",
      "dependencies": {
        "@tsparticles/engine": "3.9.1"
      }
    },
    "node_modules/@tsparticles/updater-opacity": {
      "version": "3.9.1",
      "resolved": "https://registry.npmjs.org/@tsparticles/updater-opacity/-/updater-opacity-3.9.1.tgz",
      "integrity": "sha512-w778LQuRZJ+IoWzeRdrGykPYSSaTeWfBvLZ2XwYEkh/Ss961InOxZKIpcS6i5Kp/Zfw0fS1ZAuqeHwuj///Osw==",
      "license": "MIT",
      "dependencies": {
        "@tsparticles/engine": "3.9.1"
      }
    },
    "node_modules/@tsparticles/updater-out-modes": {
      "version": "3.9.1",
      "resolved": "https://registry.npmjs.org/@tsparticles/updater-out-modes/-/updater-out-modes-3.9.1.tgz",
      "integrity": "sha512-cKQEkAwbru+hhKF+GTsfbOvuBbx2DSB25CxOdhtW2wRvDBoCnngNdLw91rs+0Cex4tgEeibkebrIKFDDE6kELg==",
      "license": "MIT",
      "dependencies": {
        "@tsparticles/engine": "3.9.1"
      }
    },
    "node_modules/@tsparticles/updater-roll": {
      "version": "3.9.1",
      "resolved": "https://registry.npmjs.org/@tsparticles/updater-roll/-/updater-roll-3.9.1.tgz",
      "integrity": "sha512-zl4JeM3gUBJ0uttmIsond3lrZ3f3AkItFeS0Lhj/7jiCKfUoRyyOMrcBk8R1AhW7lI+7ko1iBs3jhO0jnxz9vg==",
      "license": "MIT",
      "dependencies": {
        "@tsparticles/engine": "3.9.1"
      }
    },
    "node_modules/@tsparticles/updater-rotate": {
      "version": "3.9.1",
      "resolved": "https://registry.npmjs.org/@tsparticles/updater-rotate/-/updater-rotate-3.9.1.tgz",
      "integrity": "sha512-9BfKaGfp28JN82MF2qs6Ae/lJr9EColMfMTHqSKljblwbpVDHte4umuwKl3VjbRt87WD9MGtla66NTUYl+WxuQ==",
      "license": "MIT",
      "dependencies": {
        "@tsparticles/engine": "3.9.1"
      }
    },
    "node_modules/@tsparticles/updater-size": {
      "version": "3.9.1",
      "resolved": "https://registry.npmjs.org/@tsparticles/updater-size/-/updater-size-3.9.1.tgz",
      "integrity": "sha512-3NSVs0O2ApNKZXfd+y/zNhTXSFeG1Pw4peI8e6z/q5+XLbmue9oiEwoPy/tQLaark3oNj3JU7Q903ZijPyXSzw==",
      "license": "MIT",
      "dependencies": {
        "@tsparticles/engine": "3.9.1"
      }
    },
    "node_modules/@tsparticles/updater-stroke-color": {
      "version": "3.9.1",
      "resolved": "https://registry.npmjs.org/@tsparticles/updater-stroke-color/-/updater-stroke-color-3.9.1.tgz",
      "integrity": "sha512-3x14+C2is9pZYTg9T2TiA/aM1YMq4wLdYaZDcHm3qO30DZu5oeQq0rm/6w+QOGKYY1Z3Htg9rlSUZkhTHn7eDA==",
      "license": "MIT",
      "dependencies": {
        "@tsparticles/engine": "3.9.1"
      }
    },
    "node_modules/@tsparticles/updater-tilt": {
      "version": "3.9.1",
      "resolved": "https://registry.npmjs.org/@tsparticles/updater-tilt/-/updater-tilt-3.9.1.tgz",
      "integrity": "sha512-PB2yaoyXRmSk4iIVgjtRrzOxXMK9mjeAQHIJGtT4faq46Z8cbIIEFgjTwqrUV8qOrNg/h4sm5NE/s0qsTYjp1Q==",
      "license": "MIT",
      "dependencies": {
        "@tsparticles/engine": "3.9.1"
      }
    },
    "node_modules/@tsparticles/updater-twinkle": {
      "version": "3.9.1",
      "resolved": "https://registry.npmjs.org/@tsparticles/updater-twinkle/-/updater-twinkle-3.9.1.tgz",
      "integrity": "sha512-xgTcYr6LmP44IPIBeQmEExN2Y5Nfl3ikmC08eOh5nZy/ta6ORP+JTsprrnfuv/O2DwTyoqFLkZ16hZfkdc1yOQ==",
      "license": "MIT",
      "dependencies": {
        "@tsparticles/engine": "3.9.1"
      }
    },
    "node_modules/@tsparticles/updater-wobble": {
      "version": "3.9.1",
      "resolved": "https://registry.npmjs.org/@tsparticles/updater-wobble/-/updater-wobble-3.9.1.tgz",
      "integrity": "sha512-c99Ogy9q4QWO+zsDXol0UnpUwZiY2UucFb8ltuDv9AlbGUeprygoub8jhgT5pEDv+GdzWOJGSgq7rfgv9cHBrg==",
      "license": "MIT",
      "dependencies": {
        "@tsparticles/engine": "3.9.1"
      }
    },
    "node_modules/@types/aria-query": {
      "version": "5.0.4",
      "resolved": "https://registry.npmjs.org/@types/aria-query/-/aria-query-5.0.4.tgz",
      "integrity": "sha512-rfT93uj5s0PRL7EzccGMs3brplhcrghnDoV26NqKhCAS1hVo+WdNsPvE/yb6ilfr5hi2MEk6d5EWJTKdxg8jVw==",
      "license": "MIT"
    },
    "node_modules/ansi-regex": {
      "version": "5.0.1",
      "resolved": "https://registry.npmjs.org/ansi-regex/-/ansi-regex-5.0.1.tgz",
      "integrity": "sha512-quJQXlTSUGL2LH9SUXo8VwsY4soanhgo6LNSm84E1LBcE8s3O0wpdiRzyR9z/ZZJMlMWv37qOOb9pdJlMUEKFQ==",
      "license": "MIT",
      "engines": {
        "node": ">=8"
      }
    },
    "node_modules/aria-query": {
      "version": "5.3.2",
      "resolved": "https://registry.npmjs.org/aria-query/-/aria-query-5.3.2.tgz",
      "integrity": "sha512-COROpnaoap1E2F000S62r6A60uHZnmlvomhfyT2DlTcrY1OrBKn2UhH7qn5wTC9zMvD0AY7csdPSNwKP+7WiQw==",
      "license": "Apache-2.0",
      "engines": {
        "node": ">= 0.4"
      }
    },
    "node_modules/css.escape": {
      "version": "1.5.1",
      "resolved": "https://registry.npmjs.org/css.escape/-/css.escape-1.5.1.tgz",
      "integrity": "sha512-YUifsXXuknHlUsmlgyY0PKzgPOr7/FjCePfHNt0jxm83wHZi44VDMQ7/fGNkjY3/jV1MC+1CmZbaHzugyeRtpg==",
      "license": "MIT"
    },
    "node_modules/dequal": {
      "version": "2.0.3",
      "resolved": "https://registry.npmjs.org/dequal/-/dequal-2.0.3.tgz",
      "integrity": "sha512-0je+qPKHEMohvfRTCEo3CrPG6cAzAYgmzKyxRiYSSDkS6eGJdyVJm7WaYA5ECaAD9wLB2T4EEeymA5aFVcYXCA==",
      "license": "MIT",
      "engines": {
        "node": ">=6"
      }
    },
    "node_modules/dom-accessibility-api": {
      "version": "0.5.16",
      "resolved": "https://registry.npmjs.org/dom-accessibility-api/-/dom-accessibility-api-0.5.16.tgz",
      "integrity": "sha512-X7BJ2yElsnOJ30pZF4uIIDfBEVgF4XEBxL9Bxhy6dnrm5hkzqmsWHGTiHqRiITNhMyFLyAiWndIJP7Z1NTteDg==",
      "license": "MIT"
    },
    "node_modules/indent-string": {
      "version": "4.0.0",
      "resolved": "https://registry.npmjs.org/indent-string/-/indent-string-4.0.0.tgz",
      "integrity": "sha512-EdDDZu4A2OyIK7Lr/2zG+w5jmbuk1DVBnEwREQvBzspBJkCEbRa8GxU1lghYcaGJCnRWibjDXlq779X1/y5xwg==",
      "license": "MIT",
      "engines": {
        "node": ">=8"
      }
    },
    "node_modules/js-tokens": {
      "version": "4.0.0",
      "resolved": "https://registry.npmjs.org/js-tokens/-/js-tokens-4.0.0.tgz",
      "integrity": "sha512-RdJUflcE3cUzKiMqQgsCu06FPu9UdIJO0beYbPhHN4k6apgJtifcoCtT9bcxOpYBtpD2kCM6Sbzg4CausW/PKQ==",
      "license": "MIT"
    },
    "node_modules/lz-string": {
      "version": "1.5.0",
      "resolved": "https://registry.npmjs.org/lz-string/-/lz-string-1.5.0.tgz",
      "integrity": "sha512-h5bgJWpxJNswbU7qCrV0tIKQCaS3blPDrqKWx+QxzuzL1zGUzij9XCWLrSLsJPu5t+eWA/ycetzYAO5IOMcWAQ==",
      "license": "MIT",
      "bin": {
        "lz-string": "bin/bin.js"
      }
    },
    "node_modules/min-indent": {
      "version": "1.0.1",
      "resolved": "https://registry.npmjs.org/min-indent/-/min-indent-1.0.1.tgz",
      "integrity": "sha512-I9jwMn07Sy/IwOj3zVkVik2JTvgpaykDZEigL6Rx6N9LbMywwUSMtxET+7lVoDLLd3O3IXwJwvuuns8UB/HeAg==",
      "license": "MIT",
      "engines": {
        "node": ">=4"
      }
    },
    "node_modules/page-flip": {
      "version": "2.0.7",
      "resolved": "https://registry.npmjs.org/page-flip/-/page-flip-2.0.7.tgz",
      "integrity": "sha512-96lQFUUz7r/LZzEUZJ3yBIMEKU9+m8HMFDzTvTdD6P7Ag/wXINjp9n0W7b4wanwnDbQETo4uNUoL3zMqpFxwGA==",
      "license": "MIT"
    },
    "node_modules/picocolors": {
      "version": "1.1.1",
      "resolved": "https://registry.npmjs.org/picocolors/-/picocolors-1.1.1.tgz",
      "integrity": "sha512-xceH2snhtb5M9liqDsmEw56le376mTZkEX/jEb/RxNFyegNul7eNslCXP9FDj/Lcu0X8KEyMceP2ntpaHrDEVA==",
      "license": "ISC"
    },
    "node_modules/pretty-format": {
      "version": "27.5.1",
      "resolved": "https://registry.npmjs.org/pretty-format/-/pretty-format-27.5.1.tgz",
      "integrity": "sha512-Qb1gy5OrP5+zDf2Bvnzdl3jsTf1qXVMazbvCoKhtKqVs4/YK4ozX4gKQJJVyNe+cajNPn0KoC0MC3FUmaHWEmQ==",
      "license": "MIT",
      "dependencies": {
        "ansi-regex": "^5.0.1",
        "ansi-styles": "^5.0.0",
        "react-is": "^17.0.1"
      },
      "engines": {
        "node": "^10.13.0 || ^12.13.0 || ^14.15.0 || >=15.0.0"
      }
    },
    "node_modules/pretty-format/node_modules/ansi-styles": {
      "version": "5.2.0",
      "resolved": "https://registry.npmjs.org/ansi-styles/-/ansi-styles-5.2.0.tgz",
      "integrity": "sha512-Cxwpt2SfTzTtXcfOlzGEee8O+c+MmUgGrNiBcXnuWxuFJHe6a5Hz7qwhwe5OgaSYI0IJvkLqWX1ASG+cJOkEiA==",
      "license": "MIT",
      "engines": {
        "node": ">=10"
      },
      "funding": {
        "url": "https://github.com/chalk/ansi-styles?sponsor=1"
      }
    },
    "node_modules/react": {
      "version": "19.2.1",
      "resolved": "https://registry.npmjs.org/react/-/react-19.2.1.tgz",
      "integrity": "sha512-DGrYcCWK7tvYMnWh79yrPHt+vdx9tY+1gPZa7nJQtO/p8bLTDaHp4dzwEhQB7pZ4Xe3ok4XKuEPrVuc+wlpkmw==",
      "license": "MIT",
      "engines": {
        "node": ">=0.10.0"
      }
    },
    "node_modules/react-dom": {
      "version": "19.2.1",
      "resolved": "https://registry.npmjs.org/react-dom/-/react-dom-19.2.1.tgz",
      "integrity": "sha512-ibrK8llX2a4eOskq1mXKu/TGZj9qzomO+sNfO98M6d9zIPOEhlBkMkBUBLd1vgS0gQsLDBzA+8jJBVXDnfHmJg==",
      "license": "MIT",
      "dependencies": {
        "scheduler": "^0.27.0"
      },
      "peerDependencies": {
        "react": "^19.2.1"
      }
    },
    "node_modules/react-fast-compare": {
      "version": "3.2.2",
      "resolved": "https://registry.npmjs.org/react-fast-compare/-/react-fast-compare-3.2.2.tgz",
      "integrity": "sha512-nsO+KSNgo1SbJqJEYRE9ERzo7YtYbou/OqjSQKxV7jcKox7+usiUVZOAC+XnDOABXggQTno0Y1CpVnuWEc1boQ==",
      "license": "MIT"
    },
    "node_modules/react-is": {
      "version": "17.0.2",
      "resolved": "https://registry.npmjs.org/react-is/-/react-is-17.0.2.tgz",
      "integrity": "sha512-w2GsyukL62IJnlaff/nRegPQR94C/XXamvMWmSHRJ4y7Ts/4ocGRmTHvOs8PSE6pB3dWOrD/nueuU5sduBsQ4w==",
      "license": "MIT"
    },
    "node_modules/react-pageflip": {
      "version": "2.0.3",
      "resolved": "https://registry.npmjs.org/react-pageflip/-/react-pageflip-2.0.3.tgz",
      "integrity": "sha512-k81mHhRvUM52y8jyzTCh5t4O0lepkLhp+XGSUzq2C3uD+iW99Cv0jfRlqFCjZbD5N3jKkIFr7/3giucoXKDP3Q==",
      "license": "MIT",
      "dependencies": {
        "page-flip": "latest"
      }
    },
    "node_modules/react-photo-album": {
      "version": "3.4.0",
      "resolved": "https://registry.npmjs.org/react-photo-album/-/react-photo-album-3.4.0.tgz",
      "integrity": "sha512-pPaCoxEfVDhowpqxECq4SOD5kzP1Uao8PEN11Jasxayv4cZjad3Fy8SlKt6wvtLnVJRtOjsQDU/ZnnUuberwMg==",
      "license": "MIT",
      "engines": {
        "node": ">=18"
      },
      "funding": {
        "url": "https://github.com/sponsors/igordanchenko"
      },
      "peerDependencies": {
        "@types/react": "^18 || ^19",
        "react": "^18 || ^19"
      },
      "peerDependenciesMeta": {
        "@types/react": {
          "optional": true
        }
      }
    },
    "node_modules/react-scripts": {
      "version": "0.0.0",
      "resolved": "https://registry.npmjs.org/react-scripts/-/react-scripts-0.0.0.tgz",
      "integrity": "sha512-W7cVfdhbIvYrTjVaryO7WCpvzODu8V7JH/1O36RcfuzP3Cxjp5WpX5ycaoGt0LSQpntrem5jFSUoJrtvru1reA=="
    },
    "node_modules/react-snow-overlay": {
      "version": "1.0.13",
      "resolved": "https://registry.npmjs.org/react-snow-overlay/-/react-snow-overlay-1.0.13.tgz",
      "integrity": "sha512-ednYY/oTC3lHTlbkCrs6ViW8Ev8lgzdsHNvY1p16f+DdSPvwvmk+Kt7DRMlM8g+plUI1cFXofaS63HJAHaL0hQ==",
      "license": "MIT",
      "engines": {
        "node": ">=18"
      },
      "peerDependencies": {
        "react": ">=18.0.0",
        "react-dom": ">=18.0.0"
      }
    },
    "node_modules/react-snowfall": {
      "version": "2.4.0",
      "resolved": "https://registry.npmjs.org/react-snowfall/-/react-snowfall-2.4.0.tgz",
      "integrity": "sha512-KAPMiGnxt11PEgC2pTVrTQsvk5jt1kLUtG+ZamiKLphTZ7GiYT1Aa5kX6jp4jKWq1kqJHchnGT9CDm4g86A5Gg==",
      "license": "MIT",
      "dependencies": {
        "react-fast-compare": "^3.2.2"
      },
      "peerDependencies": {
        "react": "^16.8 || 17.x || 18.x || 19.x",
        "react-dom": "^16.8 || 17.x || 18.x || 19.x"
      }
    },
    "node_modules/react-tsparticles": {
      "version": "2.12.2",
      "resolved": "https://registry.npmjs.org/react-tsparticles/-/react-tsparticles-2.12.2.tgz",
      "integrity": "sha512-/nrEbyL8UROXKIMXe+f+LZN2ckvkwV2Qa+GGe/H26oEIc+wq/ybSG9REDwQiSt2OaDQGu0MwmA4BKmkL6wAWcA==",
      "deprecated": "@tsparticles/react is the new version, please use that",
      "funding": [
        {
          "type": "github",
          "url": "https://github.com/sponsors/matteobruni"
        },
        {
          "type": "github",
          "url": "https://github.com/sponsors/tsparticles"
        },
        {
          "type": "buymeacoffee",
          "url": "https://www.buymeacoffee.com/matteobruni"
        }
      ],
      "hasInstallScript": true,
      "license": "MIT",
      "dependencies": {
        "tsparticles-engine": "^2.12.0"
      },
      "peerDependencies": {
        "react": ">=16"
      }
    },
    "node_modules/redent": {
      "version": "3.0.0",
      "resolved": "https://registry.npmjs.org/redent/-/redent-3.0.0.tgz",
      "integrity": "sha512-6tDA8g98We0zd0GvVeMT9arEOnTw9qM03L9cJXaCjrip1OO764RDBLBfrB4cwzNGDj5OA5ioymC9GkizgWJDUg==",
      "license": "MIT",
      "dependencies": {
        "indent-string": "^4.0.0",
        "strip-indent": "^3.0.0"
      },
      "engines": {
        "node": ">=8"
      }
    },
    "node_modules/scheduler": {
      "version": "0.27.0",
      "resolved": "https://registry.npmjs.org/scheduler/-/scheduler-0.27.0.tgz",
      "integrity": "sha512-eNv+WrVbKu1f3vbYJT/xtiF5syA5HPIMtf9IgY/nKg0sWqzAUEvqY/xm7OcZc/qafLx/iO9FgOmeSAp4v5ti/Q==",
      "license": "MIT"
    },
    "node_modules/strip-indent": {
      "version": "3.0.0",
      "resolved": "https://registry.npmjs.org/strip-indent/-/strip-indent-3.0.0.tgz",
      "integrity": "sha512-laJTa3Jb+VQpaC6DseHhF7dXVqHTfJPCRDaEbid/drOhgitgYku/letMUqOXFoWV0zIIUbjpdH2t+tYj4bQMRQ==",
      "license": "MIT",
      "dependencies": {
        "min-indent": "^1.0.0"
      },
      "engines": {
        "node": ">=8"
      }
    },
    "node_modules/tsparticles": {
      "version": "3.9.1",
      "resolved": "https://registry.npmjs.org/tsparticles/-/tsparticles-3.9.1.tgz",
      "integrity": "sha512-Y780IGSL4qjkZj7+fI92PV/cziHqLR/s6nnYri4K6vH3NQRmDK5D6pfskDO8T4Y96ChCWHY3uxPtOb/hKQ83Qg==",
      "funding": [
        {
          "type": "github",
          "url": "https://github.com/sponsors/matteobruni"
        },
        {
          "type": "github",
          "url": "https://github.com/sponsors/tsparticles"
        },
        {
          "type": "buymeacoffee",
          "url": "https://www.buymeacoffee.com/matteobruni"
        }
      ],
      "license": "MIT",
      "dependencies": {
        "@tsparticles/engine": "3.9.1",
        "@tsparticles/interaction-external-trail": "3.9.1",
        "@tsparticles/plugin-absorbers": "3.9.1",
        "@tsparticles/plugin-emitters": "3.9.1",
        "@tsparticles/plugin-emitters-shape-circle": "3.9.1",
        "@tsparticles/plugin-emitters-shape-square": "3.9.1",
        "@tsparticles/shape-text": "3.9.1",
        "@tsparticles/slim": "3.9.1",
        "@tsparticles/updater-destroy": "3.9.1",
        "@tsparticles/updater-roll": "3.9.1",
        "@tsparticles/updater-tilt": "3.9.1",
        "@tsparticles/updater-twinkle": "3.9.1",
        "@tsparticles/updater-wobble": "3.9.1"
      }
    },
    "node_modules/tsparticles-engine": {
      "version": "2.12.0",
      "resolved": "https://registry.npmjs.org/tsparticles-engine/-/tsparticles-engine-2.12.0.tgz",
      "integrity": "sha512-ZjDIYex6jBJ4iMc9+z0uPe7SgBnmb6l+EJm83MPIsOny9lPpetMsnw/8YJ3xdxn8hV+S3myTpTN1CkOVmFv0QQ==",
      "deprecated": "starting from tsparticles v3 the packages are now moved to @tsparticles/package-name instead of tsparticles-package-name",
      "funding": [
        {
          "type": "github",
          "url": "https://github.com/sponsors/matteobruni"
        },
        {
          "type": "github",
          "url": "https://github.com/sponsors/tsparticles"
        },
        {
          "type": "buymeacoffee",
          "url": "https://www.buymeacoffee.com/matteobruni"
        }
      ],
      "hasInstallScript": true,
      "license": "MIT"
    },
    "node_modules/web-vitals": {
      "version": "2.1.4",
      "resolved": "https://registry.npmjs.org/web-vitals/-/web-vitals-2.1.4.tgz",
      "integrity": "sha512-sVWcwhU5mX6crfI5Vd2dC4qchyTqxV8URinzt25XqVh+bHEPGH4C3NPrNionCP7Obx59wrYEbNlw4Z8sjALzZg==",
      "license": "Apache-2.0"
    }
  }
}
